
Microsoft Visual Studio Solution File, Format Version 12.00
# Visual Studio Version 17
VisualStudioVersion = 17.11.35222.181
MinimumVisualStudioVersion = 10.0.40219.1
Project("{FAE04EC0-301F-11D3-BF4B-00C04F79EFBC}") = "EmailAPI", "EmailAPI\EmailAPI.csproj", "{CF19D9CC-F694-45EF-9711-17F15F22526A}"
EndProject
Global
	GlobalSection(SolutionConfigurationPlatforms) = preSolution
		Debug|Any CPU = Debug|Any CPU
		Release|Any CPU = Release|Any CPU
	EndGlobalSection
	GlobalSection(ProjectConfigurationPlatforms) = postSolution
		{CF19D9CC-F694-45EF-9711-17F15F22526A}.Debug|Any CPU.ActiveCfg = Debug|Any CPU
		{CF19D9CC-F694-45EF-9711-17F15F22526A}.Debug|Any CPU.Build.0 = Debug|Any CPU
		{CF19D9CC-F694-45EF-9711-17F15F22526A}.Release|Any CPU.ActiveCfg = Release|Any CPU
		{CF19D9CC-F694-45EF-9711-17F15F22526A}.Release|Any CPU.Build.0 = Release|Any CPU
	EndGlobalSection
	GlobalSection(SolutionProperties) = preSolution
		HideSolutionNode = FALSE
	EndGlobalSection
	GlobalSection(ExtensibilityGlobals) = postSolution
		SolutionGuid = {BCA9D40C-D692-46C7-8933-AC3C263C6129}
	EndGlobalSection
EndGlobal
